
Microsoft Visual Studio Solution File, Format Version 12.00
# Visual Studio Version 17
VisualStudioVersion = 17.10.34916.146
MinimumVisualStudioVersion = 10.0.40219.1
Project("{8BC9CEB8-8B4A-11D0-8D11-00A0C91BC942}") = "gSW_Project", "gSW_Project.vcxproj", "{B005A245-5BC0-49B8-AC88-D48FF5B45F08}"
EndProject
Global
	GlobalSection(SolutionConfigurationPlatforms) = preSolution
		Debug|x64 = Debug|x64
		Debug|x86 = Debug|x86
		Release|x64 = Release|x64
		Release|x86 = Release|x86
	EndGlobalSection
	GlobalSection(ProjectConfigurationPlatforms) = postSolution
		{B005A245-5BC0-49B8-AC88-D48FF5B45F08}.Debug|x64.ActiveCfg = Debug|x64
		{B005A245-5BC0-49B8-AC88-D48FF5B45F08}.Debug|x64.Build.0 = Debug|x64
		{B005A245-5BC0-49B8-AC88-D48FF5B45F08}.Debug|x86.ActiveCfg = Debug|Win32
		{B005A245-5BC0-49B8-AC88-D48FF5B45F08}.Debug|x86.Build.0 = Debug|Win32
		{B005A245-5BC0-49B8-AC88-D48FF5B45F08}.Release|x64.ActiveCfg = Release|x64
		{B005A245-5BC0-49B8-AC88-D48FF5B45F08}.Release|x64.Build.0 = Release|x64
		{B005A245-5BC0-49B8-AC88-D48FF5B45F08}.Release|x86.ActiveCfg = Release|Win32
		{B005A245-5BC0-49B8-AC88-D48FF5B45F08}.Release|x86.Build.0 = Release|Win32
	EndGlobalSection
	GlobalSection(SolutionProperties) = preSolution
		HideSolutionNode = FALSE
	EndGlobalSection
	GlobalSection(ExtensibilityGlobals) = postSolution
		SolutionGuid = {963DD768-1503-4572-A6D0-AEBD7B6EC3B6}
	EndGlobalSection
EndGlobal
